
Microsoft Visual Studio Solution File, Format Version 12.00
# Visual Studio Version 17
VisualStudioVersion = 17.6.33815.320
MinimumVisualStudioVersion = 10.0.40219.1
Project("{9A19103F-16F7-4668-BE54-9A1E7A4F7556}") = "ProductsAPI.Services", "ProductsAPI.Services\ProductsAPI.Services.csproj", "{F0697797-EB4B-4424-B785-50518402C571}"
EndProject
Project("{2150E333-8FDC-42A3-9474-1A3956D46DE8}") = "API", "API", "{2FA69F5F-A02D-415C-B0E7-EE68EA1A586A}"
EndProject
Project("{2150E333-8FDC-42A3-9474-1A3956D46DE8}") = "DDD", "DDD", "{4739A885-2E47-4782-9AA2-5D42991D71E6}"
EndProject
Project("{2150E333-8FDC-42A3-9474-1A3956D46DE8}") = "Tests", "Tests", "{B2781952-83D3-4651-8FD2-85558601562B}"
EndProject
Project("{2150E333-8FDC-42A3-9474-1A3956D46DE8}") = "Application", "Application", "{27E956FD-EEE8-4EA0-B7FE-F6101956042C}"
EndProject
Project("{2150E333-8FDC-42A3-9474-1A3956D46DE8}") = "Domain", "Domain", "{C6D7E694-AD0A-4E00-9BC7-0235F8451B39}"
EndProject
Project("{2150E333-8FDC-42A3-9474-1A3956D46DE8}") = "InfraStructure", "InfraStructure", "{1F4DBF17-2F07-46AA-A1FF-55A29DD72E78}"
EndProject
Project("{9A19103F-16F7-4668-BE54-9A1E7A4F7556}") = "ProductsAPI.Application", "ProductsAPI.Application\ProductsAPI.Application.csproj", "{27FBA612-7B2D-4D03-99CF-986F4F473C36}"
EndProject
Project("{9A19103F-16F7-4668-BE54-9A1E7A4F7556}") = "ProductsAPI.Domain", "Products.Domain\ProductsAPI.Domain.csproj", "{920CB8D3-5D7C-4627-AB65-50B1F15DA613}"
EndProject
Project("{9A19103F-16F7-4668-BE54-9A1E7A4F7556}") = "ProductsAPI.Infra.Data.SqlServer", "ProductsAPI.Infra\ProductsAPI.Infra.Data.SqlServer.csproj", "{D4D870B4-F5FB-4BA1-9BD7-4EA14CD5F513}"
EndProject
Project("{9A19103F-16F7-4668-BE54-9A1E7A4F7556}") = "ProductsAPI.Infra.Data.MongoDB", "ProductsAPI.Infra.Data.MongoDB\ProductsAPI.Infra.Data.MongoDB.csproj", "{B0465AC3-631A-4ACC-BE93-3ACFF4F04693}"
EndProject
Project("{9A19103F-16F7-4668-BE54-9A1E7A4F7556}") = "ProductsAPI.Infra.IoC", "ProductsAPI.Infra.IoC\ProductsAPI.Infra.IoC.csproj", "{3296ECD4-66F1-4D22-85FB-13513ACA23B3}"
EndProject
Project("{FAE04EC0-301F-11D3-BF4B-00C04F79EFBC}") = "ProductsAPI.Tests", "ProductsAPI.Tests\ProductsAPI.Tests.csproj", "{FE911574-D20F-4755-A1C2-2A6DDDE74BB2}"
EndProject
Global
	GlobalSection(SolutionConfigurationPlatforms) = preSolution
		Debug|Any CPU = Debug|Any CPU
		Release|Any CPU = Release|Any CPU
	EndGlobalSection
	GlobalSection(ProjectConfigurationPlatforms) = postSolution
		{F0697797-EB4B-4424-B785-50518402C571}.Debug|Any CPU.ActiveCfg = Debug|Any CPU
		{F0697797-EB4B-4424-B785-50518402C571}.Debug|Any CPU.Build.0 = Debug|Any CPU
		{F0697797-EB4B-4424-B785-50518402C571}.Release|Any CPU.ActiveCfg = Release|Any CPU
		{F0697797-EB4B-4424-B785-50518402C571}.Release|Any CPU.Build.0 = Release|Any CPU
		{27FBA612-7B2D-4D03-99CF-986F4F473C36}.Debug|Any CPU.ActiveCfg = Debug|Any CPU
		{27FBA612-7B2D-4D03-99CF-986F4F473C36}.Debug|Any CPU.Build.0 = Debug|Any CPU
		{27FBA612-7B2D-4D03-99CF-986F4F473C36}.Release|Any CPU.ActiveCfg = Release|Any CPU
		{27FBA612-7B2D-4D03-99CF-986F4F473C36}.Release|Any CPU.Build.0 = Release|Any CPU
		{920CB8D3-5D7C-4627-AB65-50B1F15DA613}.Debug|Any CPU.ActiveCfg = Debug|Any CPU
		{920CB8D3-5D7C-4627-AB65-50B1F15DA613}.Debug|Any CPU.Build.0 = Debug|Any CPU
		{920CB8D3-5D7C-4627-AB65-50B1F15DA613}.Release|Any CPU.ActiveCfg = Release|Any CPU
		{920CB8D3-5D7C-4627-AB65-50B1F15DA613}.Release|Any CPU.Build.0 = Release|Any CPU
		{D4D870B4-F5FB-4BA1-9BD7-4EA14CD5F513}.Debug|Any CPU.ActiveCfg = Debug|Any CPU
		{D4D870B4-F5FB-4BA1-9BD7-4EA14CD5F513}.Debug|Any CPU.Build.0 = Debug|Any CPU
		{D4D870B4-F5FB-4BA1-9BD7-4EA14CD5F513}.Release|Any CPU.ActiveCfg = Release|Any CPU
		{D4D870B4-F5FB-4BA1-9BD7-4EA14CD5F513}.Release|Any CPU.Build.0 = Release|Any CPU
		{B0465AC3-631A-4ACC-BE93-3ACFF4F04693}.Debug|Any CPU.ActiveCfg = Debug|Any CPU
		{B0465AC3-631A-4ACC-BE93-3ACFF4F04693}.Debug|Any CPU.Build.0 = Debug|Any CPU
		{B0465AC3-631A-4ACC-BE93-3ACFF4F04693}.Release|Any CPU.ActiveCfg = Release|Any CPU
		{B0465AC3-631A-4ACC-BE93-3ACFF4F04693}.Release|Any CPU.Build.0 = Release|Any CPU
		{3296ECD4-66F1-4D22-85FB-13513ACA23B3}.Debug|Any CPU.ActiveCfg = Debug|Any CPU
		{3296ECD4-66F1-4D22-85FB-13513ACA23B3}.Debug|Any CPU.Build.0 = Debug|Any CPU
		{3296ECD4-66F1-4D22-85FB-13513ACA23B3}.Release|Any CPU.ActiveCfg = Release|Any CPU
		{3296ECD4-66F1-4D22-85FB-13513ACA23B3}.Release|Any CPU.Build.0 = Release|Any CPU
		{FE911574-D20F-4755-A1C2-2A6DDDE74BB2}.Debug|Any CPU.ActiveCfg = Debug|Any CPU
		{FE911574-D20F-4755-A1C2-2A6DDDE74BB2}.Debug|Any CPU.Build.0 = Debug|Any CPU
		{FE911574-D20F-4755-A1C2-2A6DDDE74BB2}.Release|Any CPU.ActiveCfg = Release|Any CPU
		{FE911574-D20F-4755-A1C2-2A6DDDE74BB2}.Release|Any CPU.Build.0 = Release|Any CPU
	EndGlobalSection
	GlobalSection(SolutionProperties) = preSolution
		HideSolutionNode = FALSE
	EndGlobalSection
	GlobalSection(NestedProjects) = preSolution
		{F0697797-EB4B-4424-B785-50518402C571} = {2FA69F5F-A02D-415C-B0E7-EE68EA1A586A}
		{27E956FD-EEE8-4EA0-B7FE-F6101956042C} = {4739A885-2E47-4782-9AA2-5D42991D71E6}
		{C6D7E694-AD0A-4E00-9BC7-0235F8451B39} = {4739A885-2E47-4782-9AA2-5D42991D71E6}
		{1F4DBF17-2F07-46AA-A1FF-55A29DD72E78} = {4739A885-2E47-4782-9AA2-5D42991D71E6}
		{27FBA612-7B2D-4D03-99CF-986F4F473C36} = {27E956FD-EEE8-4EA0-B7FE-F6101956042C}
		{920CB8D3-5D7C-4627-AB65-50B1F15DA613} = {C6D7E694-AD0A-4E00-9BC7-0235F8451B39}
		{D4D870B4-F5FB-4BA1-9BD7-4EA14CD5F513} = {1F4DBF17-2F07-46AA-A1FF-55A29DD72E78}
		{B0465AC3-631A-4ACC-BE93-3ACFF4F04693} = {1F4DBF17-2F07-46AA-A1FF-55A29DD72E78}
		{3296ECD4-66F1-4D22-85FB-13513ACA23B3} = {1F4DBF17-2F07-46AA-A1FF-55A29DD72E78}
		{FE911574-D20F-4755-A1C2-2A6DDDE74BB2} = {B2781952-83D3-4651-8FD2-85558601562B}
	EndGlobalSection
	GlobalSection(ExtensibilityGlobals) = postSolution
		SolutionGuid = {85E3C80D-9BDE-471D-AA90-20FC1F2037F7}
	EndGlobalSection
EndGlobal
